
Microsoft Visual Studio Solution File, Format Version 12.00
# Visual Studio Version 17
VisualStudioVersion = 17.5.33516.290
MinimumVisualStudioVersion = 10.0.40219.1
Project("{FAE04EC0-301F-11D3-BF4B-00C04F79EFBC}") = "LinkedListExample2", "LinkedListExample2\LinkedListExample2.csproj", "{4BE7B7C2-FAA4-41BD-B6C5-BF052B5120E0}"
EndProject
Global
	GlobalSection(SolutionConfigurationPlatforms) = preSolution
		Debug|Any CPU = Debug|Any CPU
		Release|Any CPU = Release|Any CPU
	EndGlobalSection
	GlobalSection(ProjectConfigurationPlatforms) = postSolution
		{4BE7B7C2-FAA4-41BD-B6C5-BF052B5120E0}.Debug|Any CPU.ActiveCfg = Debug|Any CPU
		{4BE7B7C2-FAA4-41BD-B6C5-BF052B5120E0}.Debug|Any CPU.Build.0 = Debug|Any CPU
		{4BE7B7C2-FAA4-41BD-B6C5-BF052B5120E0}.Release|Any CPU.ActiveCfg = Release|Any CPU
		{4BE7B7C2-FAA4-41BD-B6C5-BF052B5120E0}.Release|Any CPU.Build.0 = Release|Any CPU
	EndGlobalSection
	GlobalSection(SolutionProperties) = preSolution
		HideSolutionNode = FALSE
	EndGlobalSection
	GlobalSection(ExtensibilityGlobals) = postSolution
		SolutionGuid = {B3CE75C7-4B38-4E1C-835E-6B0C87236B84}
	EndGlobalSection
EndGlobal
